{
  "requires": true,
  "lockfileVersion": 1,
  "dependencies": {
    "dom7": {
      "version": "2.0.6",
      "resolved": "http://registry.npm.taobao.org/dom7/download/dom7-2.0.6.tgz",
      "integrity": "sha1-6p8YfeaGNXg81Zhf3lKEJ2NjKQM=",
      "requires": {
        "ssr-window": "1.0.0"
      }
    },
    "ssr-window": {
      "version": "1.0.0",
      "resolved": "http://registry.npm.taobao.org/ssr-window/download/ssr-window-1.0.0.tgz",
      "integrity": "sha1-jtG2vqoKNxun501lFdWEw/HPlzw="
    },
    "swiper": {
      "version": "4.3.3",
      "resolved": "http://registry.npm.taobao.org/swiper/download/swiper-4.3.3.tgz",
      "integrity": "sha1-kuOcgG6tI6GOXDJR37oa6c52Jw4=",
      "requires": {
        "dom7": "2.0.6",
        "ssr-window": "1.0.0"
      }
    }
  }
}
